
Microsoft Visual Studio Solution File, Format Version 12.00
# Visual Studio Version 17
VisualStudioVersion = 17.11.35327.3
MinimumVisualStudioVersion = 10.0.40219.1
Project("{9A19103F-16F7-4668-BE54-9A1E7A4F7556}") = "Todo App", "Todo App.csproj", "{77389C20-9076-4AA5-B416-A4A586AB1735}"
EndProject
Project("{9A19103F-16F7-4668-BE54-9A1E7A4F7556}") = "Calculator", "..\Calculator\Calculator.csproj", "{9F588EC2-6EB3-4FBD-A431-9F865B28BF4F}"
EndProject
Project("{9A19103F-16F7-4668-BE54-9A1E7A4F7556}") = "DiceGame", "..\DiceGame\DiceGame.csproj", "{FAD5E86D-D9A8-4348-B580-3B6FB574ED08}"
EndProject
Project("{9A19103F-16F7-4668-BE54-9A1E7A4F7556}") = "NumberGuessing", "..\NumberGuessing\NumberGuessing.csproj", "{76761164-2E55-4A2F-9635-EBD613FC8D8B}"
EndProject
Project("{9A19103F-16F7-4668-BE54-9A1E7A4F7556}") = "ShapeAreaCalculator", "..\ShapeAreaCalculator\ShapeAreaCalculator.csproj", "{4D850990-C687-4EA5-86CC-6C6F91D725B1}"
EndProject
Project("{9A19103F-16F7-4668-BE54-9A1E7A4F7556}") = "TurnBasedCombat", "..\TurnBasedCombat\TurnBasedCombat.csproj", "{EDD47B01-B117-4261-89D2-2B06B22E4338}"
EndProject
Project("{FAE04EC0-301F-11D3-BF4B-00C04F79EFBC}") = "RockPaperScissors", "..\RockPaperScissors\RockPaperScissors.csproj", "{B412D926-008C-4524-8FF5-EA9FD5679F6F}"
EndProject
Global
	GlobalSection(SolutionConfigurationPlatforms) = preSolution
		Debug|Any CPU = Debug|Any CPU
		Release|Any CPU = Release|Any CPU
	EndGlobalSection
	GlobalSection(ProjectConfigurationPlatforms) = postSolution
		{77389C20-9076-4AA5-B416-A4A586AB1735}.Debug|Any CPU.ActiveCfg = Debug|Any CPU
		{77389C20-9076-4AA5-B416-A4A586AB1735}.Debug|Any CPU.Build.0 = Debug|Any CPU
		{77389C20-9076-4AA5-B416-A4A586AB1735}.Release|Any CPU.ActiveCfg = Release|Any CPU
		{77389C20-9076-4AA5-B416-A4A586AB1735}.Release|Any CPU.Build.0 = Release|Any CPU
		{9F588EC2-6EB3-4FBD-A431-9F865B28BF4F}.Debug|Any CPU.ActiveCfg = Debug|Any CPU
		{9F588EC2-6EB3-4FBD-A431-9F865B28BF4F}.Debug|Any CPU.Build.0 = Debug|Any CPU
		{9F588EC2-6EB3-4FBD-A431-9F865B28BF4F}.Release|Any CPU.ActiveCfg = Release|Any CPU
		{9F588EC2-6EB3-4FBD-A431-9F865B28BF4F}.Release|Any CPU.Build.0 = Release|Any CPU
		{FAD5E86D-D9A8-4348-B580-3B6FB574ED08}.Debug|Any CPU.ActiveCfg = Debug|Any CPU
		{FAD5E86D-D9A8-4348-B580-3B6FB574ED08}.Debug|Any CPU.Build.0 = Debug|Any CPU
		{FAD5E86D-D9A8-4348-B580-3B6FB574ED08}.Release|Any CPU.ActiveCfg = Release|Any CPU
		{FAD5E86D-D9A8-4348-B580-3B6FB574ED08}.Release|Any CPU.Build.0 = Release|Any CPU
		{76761164-2E55-4A2F-9635-EBD613FC8D8B}.Debug|Any CPU.ActiveCfg = Debug|Any CPU
		{76761164-2E55-4A2F-9635-EBD613FC8D8B}.Debug|Any CPU.Build.0 = Debug|Any CPU
		{76761164-2E55-4A2F-9635-EBD613FC8D8B}.Release|Any CPU.ActiveCfg = Release|Any CPU
		{76761164-2E55-4A2F-9635-EBD613FC8D8B}.Release|Any CPU.Build.0 = Release|Any CPU
		{4D850990-C687-4EA5-86CC-6C6F91D725B1}.Debug|Any CPU.ActiveCfg = Debug|Any CPU
		{4D850990-C687-4EA5-86CC-6C6F91D725B1}.Debug|Any CPU.Build.0 = Debug|Any CPU
		{4D850990-C687-4EA5-86CC-6C6F91D725B1}.Release|Any CPU.ActiveCfg = Release|Any CPU
		{4D850990-C687-4EA5-86CC-6C6F91D725B1}.Release|Any CPU.Build.0 = Release|Any CPU
		{EDD47B01-B117-4261-89D2-2B06B22E4338}.Debug|Any CPU.ActiveCfg = Debug|Any CPU
		{EDD47B01-B117-4261-89D2-2B06B22E4338}.Debug|Any CPU.Build.0 = Debug|Any CPU
		{EDD47B01-B117-4261-89D2-2B06B22E4338}.Release|Any CPU.ActiveCfg = Release|Any CPU
		{EDD47B01-B117-4261-89D2-2B06B22E4338}.Release|Any CPU.Build.0 = Release|Any CPU
		{B412D926-008C-4524-8FF5-EA9FD5679F6F}.Debug|Any CPU.ActiveCfg = Debug|Any CPU
		{B412D926-008C-4524-8FF5-EA9FD5679F6F}.Debug|Any CPU.Build.0 = Debug|Any CPU
		{B412D926-008C-4524-8FF5-EA9FD5679F6F}.Release|Any CPU.ActiveCfg = Release|Any CPU
		{B412D926-008C-4524-8FF5-EA9FD5679F6F}.Release|Any CPU.Build.0 = Release|Any CPU
	EndGlobalSection
	GlobalSection(SolutionProperties) = preSolution
		HideSolutionNode = FALSE
	EndGlobalSection
	GlobalSection(ExtensibilityGlobals) = postSolution
		SolutionGuid = {6809A681-94EE-4FD3-B14B-C2DC76EDE51B}
	EndGlobalSection
EndGlobal
